// !$*UTF8*$!
{
	archiveVersion = 1;
	classes = {
	};
	objectVersion = 55;
	objects = {

/* Begin PBXBuildFile section */
		511635EC2AA321A000521F71 /* SnapKit in Frameworks */ = {isa = PBXBuildFile; productRef = 511635EB2AA321A000521F71 /* SnapKit */; };
		511635EF2AA321C300521F71 /* Tabman in Frameworks */ = {isa = PBXBuildFile; productRef = 511635EE2AA321C300521F71 /* Tabman */; };
		511635F22AA321EA00521F71 /* FMPhotoPicker in Frameworks */ = {isa = PBXBuildFile; productRef = 511635F12AA321EA00521F71 /* FMPhotoPicker */; };
		511635F52AA3221200521F71 /* Kingfisher in Frameworks */ = {isa = PBXBuildFile; productRef = 511635F42AA3221200521F71 /* Kingfisher */; };
		511635F82AA3226900521F71 /* IQKeyboardManagerSwift in Frameworks */ = {isa = PBXBuildFile; productRef = 511635F72AA3226900521F71 /* IQKeyboardManagerSwift */; };
		511635FE2AA322E100521F71 /* Lottie in Frameworks */ = {isa = PBXBuildFile; productRef = 511635FD2AA322E100521F71 /* Lottie */; };
		511636012AA3235100521F71 /* STTextView in Frameworks */ = {isa = PBXBuildFile; productRef = 511636002AA3235100521F71 /* STTextView */; };
		511636042AA3276200521F71 /* FirebaseAnalytics in Frameworks */ = {isa = PBXBuildFile; productRef = 511636032AA3276200521F71 /* FirebaseAnalytics */; };
		511636062AA3276200521F71 /* FirebaseAuth in Frameworks */ = {isa = PBXBuildFile; productRef = 511636052AA3276200521F71 /* FirebaseAuth */; };
		511636082AA3276200521F71 /* FirebaseFirestore in Frameworks */ = {isa = PBXBuildFile; productRef = 511636072AA3276200521F71 /* FirebaseFirestore */; };
		5116360A2AA3276200521F71 /* FirebaseFirestoreSwift in Frameworks */ = {isa = PBXBuildFile; productRef = 511636092AA3276200521F71 /* FirebaseFirestoreSwift */; };
		5116360C2AA3276200521F71 /* FirebaseMessaging in Frameworks */ = {isa = PBXBuildFile; productRef = 5116360B2AA3276200521F71 /* FirebaseMessaging */; };
		5116360E2AA3276200521F71 /* FirebaseRemoteConfig in Frameworks */ = {isa = PBXBuildFile; productRef = 5116360D2AA3276200521F71 /* FirebaseRemoteConfig */; };
		511636102AA3276200521F71 /* FirebaseStorage in Frameworks */ = {isa = PBXBuildFile; productRef = 5116360F2AA3276200521F71 /* FirebaseStorage */; };
		511636132AA32B7300521F71 /* RxCocoa in Frameworks */ = {isa = PBXBuildFile; productRef = 511636122AA32B7300521F71 /* RxCocoa */; };
		511636152AA32B7300521F71 /* RxSwift in Frameworks */ = {isa = PBXBuildFile; productRef = 511636142AA32B7300521F71 /* RxSwift */; };
		5117C9D92803F4500072B9B2 /* SettingPageViewController.swift in Sources */ = {isa = PBXBuildFile; fileRef = 5117C9D82803F4500072B9B2 /* SettingPageViewController.swift */; };
		5117C9DB2803F4820072B9B2 /* SettingPageView.storyboard in Resources */ = {isa = PBXBuildFile; fileRef = 5117C9DA2803F4820072B9B2 /* SettingPageView.storyboard */; };
		5117C9E12803FE830072B9B2 /* WriteDiaryPageView.storyboard in Resources */ = {isa = PBXBuildFile; fileRef = 5117C9E02803FE830072B9B2 /* WriteDiaryPageView.storyboard */; };
		5117C9E42803FF070072B9B2 /* WriteDiaryPageViewController.swift in Sources */ = {isa = PBXBuildFile; fileRef = 5117C9E32803FF070072B9B2 /* WriteDiaryPageViewController.swift */; };
		51195294290AB55E00D05CB8 /* Date+Ext.swift in Sources */ = {isa = PBXBuildFile; fileRef = 51195293290AB55E00D05CB8 /* Date+Ext.swift */; };
		51195296290AB59500D05CB8 /* UIImage+Ext.swift in Sources */ = {isa = PBXBuildFile; fileRef = 51195295290AB59500D05CB8 /* UIImage+Ext.swift */; };
		51195298290AB5B100D05CB8 /* UIViewController+Ext.swift in Sources */ = {isa = PBXBuildFile; fileRef = 51195297290AB5B100D05CB8 /* UIViewController+Ext.swift */; };
		5119529A290AB6FE00D05CB8 /* DetailDiaryPageViewController.swift in Sources */ = {isa = PBXBuildFile; fileRef = 51195299290AB6FE00D05CB8 /* DetailDiaryPageViewController.swift */; };
		512AF7AA282938F200398A81 /* PreviewView.storyboard in Resources */ = {isa = PBXBuildFile; fileRef = 512AF7A9282938F200398A81 /* PreviewView.storyboard */; };
		512AF7AC2829393000398A81 /* PreviewViewController.swift in Sources */ = {isa = PBXBuildFile; fileRef = 512AF7AB2829393000398A81 /* PreviewViewController.swift */; };
		5153FF2427FD7BE00096AE7A /* AppDelegate.swift in Sources */ = {isa = PBXBuildFile; fileRef = 5153FF2327FD7BE00096AE7A /* AppDelegate.swift */; };
		5153FF2627FD7BE00096AE7A /* SceneDelegate.swift in Sources */ = {isa = PBXBuildFile; fileRef = 5153FF2527FD7BE00096AE7A /* SceneDelegate.swift */; };
		5153FF2827FD7BE00096AE7A /* LoginViewController.swift in Sources */ = {isa = PBXBuildFile; fileRef = 5153FF2727FD7BE00096AE7A /* LoginViewController.swift */; };
		5153FF2B27FD7BE00096AE7A /* LoginView.storyboard in Resources */ = {isa = PBXBuildFile; fileRef = 5153FF2927FD7BE00096AE7A /* LoginView.storyboard */; };
		5153FF2D27FD7BE00096AE7A /* Assets.xcassets in Resources */ = {isa = PBXBuildFile; fileRef = 5153FF2C27FD7BE00096AE7A /* Assets.xcassets */; };
		5153FF3027FD7BE00096AE7A /* LaunchScreen.storyboard in Resources */ = {isa = PBXBuildFile; fileRef = 5153FF2E27FD7BE00096AE7A /* LaunchScreen.storyboard */; };
		516944512800142C00462016 /* JejuMyeongjoOTF.otf in Resources */ = {isa = PBXBuildFile; fileRef = 516944502800142600462016 /* JejuMyeongjoOTF.otf */; };
		5174FEA82808167400A844CD /* Diary.swift in Sources */ = {isa = PBXBuildFile; fileRef = 5174FEA72808167400A844CD /* Diary.swift */; };
		5174FEAA2808DFD800A844CD /* DatabaseManager.swift in Sources */ = {isa = PBXBuildFile; fileRef = 5174FEA92808DFD800A844CD /* DatabaseManager.swift */; };
		5174FEAE280C3A2900A844CD /* MyDiaryCell.xib in Resources */ = {isa = PBXBuildFile; fileRef = 5174FEAD280C3A2900A844CD /* MyDiaryCell.xib */; };
		5174FEB0280C3B2400A844CD /* MyDiaryCell.swift in Sources */ = {isa = PBXBuildFile; fileRef = 5174FEAF280C3B2400A844CD /* MyDiaryCell.swift */; };
		51795E3A27FD8BA700D5C696 /* .swiftlint.yml in Resources */ = {isa = PBXBuildFile; fileRef = 51795E3927FD8BA700D5C696 /* .swiftlint.yml */; };
		519F762E2854697F00A5BEDF /* StorageManager.swift in Sources */ = {isa = PBXBuildFile; fileRef = 5117C9CD28008AD90072B9B2 /* StorageManager.swift */; };
		51CD3A3828197EC900145778 /* EditDiaryPageViewController.swift in Sources */ = {isa = PBXBuildFile; fileRef = 51CD3A3728197EC900145778 /* EditDiaryPageViewController.swift */; };
		51CD3A3A2819825300145778 /* EditDiaryPageView.storyboard in Resources */ = {isa = PBXBuildFile; fileRef = 51CD3A392819825300145778 /* EditDiaryPageView.storyboard */; };
		51F363C2280D221B003452F4 /* Realm in Frameworks */ = {isa = PBXBuildFile; productRef = 51F363C1280D221B003452F4 /* Realm */; };
		51F363C4280D221B003452F4 /* RealmSwift in Frameworks */ = {isa = PBXBuildFile; productRef = 51F363C3280D221B003452F4 /* RealmSwift */; };
		51F363C6280E01A7003452F4 /* Daon.swift in Sources */ = {isa = PBXBuildFile; fileRef = 51F363C5280E01A6003452F4 /* Daon.swift */; };
		51F920992811A617005CC6B7 /* AuthManager.swift in Sources */ = {isa = PBXBuildFile; fileRef = 51F920982811A617005CC6B7 /* AuthManager.swift */; };
		51F9209B2811B132005CC6B7 /* AppController.swift in Sources */ = {isa = PBXBuildFile; fileRef = 51F9209A2811B132005CC6B7 /* AppController.swift */; };
		BC07019A280449ED00139415 /* GoogleService-Info.plist in Resources */ = {isa = PBXBuildFile; fileRef = BC070199280449ED00139415 /* GoogleService-Info.plist */; };
		BC39EC03281927EF00728B8B /* StartPageViewController.swift in Sources */ = {isa = PBXBuildFile; fileRef = BC39EC02281927EF00728B8B /* StartPageViewController.swift */; };
		BC4BC7C82809236C00C755BF /* AllWordingCell.xib in Resources */ = {isa = PBXBuildFile; fileRef = BC4BC7C72809236C00C755BF /* AllWordingCell.xib */; };
		BC4BC7CB280923EC00C755BF /* AllWordingCell.swift in Sources */ = {isa = PBXBuildFile; fileRef = BC4BC7CA280923EC00C755BF /* AllWordingCell.swift */; };
		BC5777442807D81C00B4E664 /* FirstMainPageViewController.swift in Sources */ = {isa = PBXBuildFile; fileRef = BC5777432807D81C00B4E664 /* FirstMainPageViewController.swift */; };
		BC5777462807DAD100B4E664 /* FirstMainPageContainerViewController.swift in Sources */ = {isa = PBXBuildFile; fileRef = BC5777452807DAD100B4E664 /* FirstMainPageContainerViewController.swift */; };
		BC5777482807DE0700B4E664 /* TodayWordingPageViewController.swift in Sources */ = {isa = PBXBuildFile; fileRef = BC5777472807DE0700B4E664 /* TodayWordingPageViewController.swift */; };
		BC57774D2808267900B4E664 /* AlphaMainPageViewController.swift in Sources */ = {isa = PBXBuildFile; fileRef = BC57774C2808267900B4E664 /* AlphaMainPageViewController.swift */; };
		BC57774F2808268F00B4E664 /* AlphaMainPageContainerViewController.swift in Sources */ = {isa = PBXBuildFile; fileRef = BC57774E2808268F00B4E664 /* AlphaMainPageContainerViewController.swift */; };
		BC57775128082CB600B4E664 /* AlphaTodayWordingPageViewController.swift in Sources */ = {isa = PBXBuildFile; fileRef = BC57775028082CB600B4E664 /* AlphaTodayWordingPageViewController.swift */; };
		BC57775328082CDD00B4E664 /* AllWordingPageViewController.swift in Sources */ = {isa = PBXBuildFile; fileRef = BC57775228082CDD00B4E664 /* AllWordingPageViewController.swift */; };
		BC69DD4C28017D7D00A6A9F6 /* MainPageView.storyboard in Resources */ = {isa = PBXBuildFile; fileRef = BC69DD4B28017D7D00A6A9F6 /* MainPageView.storyboard */; };
		BC69DD4E28017DA200A6A9F6 /* SecondMainPageViewController.swift in Sources */ = {isa = PBXBuildFile; fileRef = BC69DD4D28017DA200A6A9F6 /* SecondMainPageViewController.swift */; };
		BC69DD542801903E00A6A9F6 /* MyDiaryViewController.swift in Sources */ = {isa = PBXBuildFile; fileRef = BC69DD532801903E00A6A9F6 /* MyDiaryViewController.swift */; };
		BC69DD572801905400A6A9F6 /* MyStorageViewController.swift in Sources */ = {isa = PBXBuildFile; fileRef = BC69DD562801905400A6A9F6 /* MyStorageViewController.swift */; };
		BC69DD5F2802FE5900A6A9F6 /* SecondMainPageContainerViewController.swift in Sources */ = {isa = PBXBuildFile; fileRef = BC69DD5E2802FE5900A6A9F6 /* SecondMainPageContainerViewController.swift */; };
		BC6C87B82812AC3D00156D89 /* SetNotificationPageViewController.swift in Sources */ = {isa = PBXBuildFile; fileRef = BC6C87B72812AC3D00156D89 /* SetNotificationPageViewController.swift */; };
		BC75892528263776002DE8E1 /* lottieFile.json in Resources */ = {isa = PBXBuildFile; fileRef = BC75892428263776002DE8E1 /* lottieFile.json */; };
		BC7C9CBA28055D4300FF28E1 /* User.swift in Sources */ = {isa = PBXBuildFile; fileRef = BC7C9CB928055D4300FF28E1 /* User.swift */; };
		BCA410D9282248DC000C318F /* Constants.swift in Sources */ = {isa = PBXBuildFile; fileRef = BCA410D8282248DC000C318F /* Constants.swift */; };
		BCA9C4D02803E6BC0017EC87 /* MyStorageCell.swift in Sources */ = {isa = PBXBuildFile; fileRef = BCA9C4CF2803E6BC0017EC87 /* MyStorageCell.swift */; };
		BCA9C4D22803E84C0017EC87 /* MyStorageCell.xib in Resources */ = {isa = PBXBuildFile; fileRef = BCA9C4D12803E84C0017EC87 /* MyStorageCell.xib */; };
		BCD34461280FC3CC00D34EE5 /* MyStorage.swift in Sources */ = {isa = PBXBuildFile; fileRef = BCD34460280FC3CC00D34EE5 /* MyStorage.swift */; };
/* End PBXBuildFile section */

/* Begin PBXCopyFilesBuildPhase section */
		BC219A0728167BD200FE66A3 /* Embed App Extensions */ = {
			isa = PBXCopyFilesBuildPhase;
			buildActionMask = 2147483647;
			dstPath = "";
			dstSubfolderSpec = 13;
			files = (
			);
			name = "Embed App Extensions";
			runOnlyForDeploymentPostprocessing = 0;
		};
/* End PBXCopyFilesBuildPhase section */

/* Begin PBXFileReference section */
		5117C9CD28008AD90072B9B2 /* StorageManager.swift */ = {isa = PBXFileReference; lastKnownFileType = sourcecode.swift; path = StorageManager.swift; sourceTree = "<group>"; };
		5117C9D82803F4500072B9B2 /* SettingPageViewController.swift */ = {isa = PBXFileReference; lastKnownFileType = sourcecode.swift; path = SettingPageViewController.swift; sourceTree = "<group>"; };
		5117C9DA2803F4820072B9B2 /* SettingPageView.storyboard */ = {isa = PBXFileReference; lastKnownFileType = file.storyboard; path = SettingPageView.storyboard; sourceTree = "<group>"; };
		5117C9E02803FE830072B9B2 /* WriteDiaryPageView.storyboard */ = {isa = PBXFileReference; lastKnownFileType = file.storyboard; path = WriteDiaryPageView.storyboard; sourceTree = "<group>"; };
		5117C9E32803FF070072B9B2 /* WriteDiaryPageViewController.swift */ = {isa = PBXFileReference; lastKnownFileType = sourcecode.swift; path = WriteDiaryPageViewController.swift; sourceTree = "<group>"; };
		51195293290AB55E00D05CB8 /* Date+Ext.swift */ = {isa = PBXFileReference; lastKnownFileType = sourcecode.swift; path = "Date+Ext.swift"; sourceTree = "<group>"; };
		51195295290AB59500D05CB8 /* UIImage+Ext.swift */ = {isa = PBXFileReference; lastKnownFileType = sourcecode.swift; path = "UIImage+Ext.swift"; sourceTree = "<group>"; };
		51195297290AB5B100D05CB8 /* UIViewController+Ext.swift */ = {isa = PBXFileReference; lastKnownFileType = sourcecode.swift; path = "UIViewController+Ext.swift"; sourceTree = "<group>"; };
		51195299290AB6FE00D05CB8 /* DetailDiaryPageViewController.swift */ = {isa = PBXFileReference; lastKnownFileType = sourcecode.swift; path = DetailDiaryPageViewController.swift; sourceTree = "<group>"; };
		512AF7A9282938F200398A81 /* PreviewView.storyboard */ = {isa = PBXFileReference; lastKnownFileType = file.storyboard; path = PreviewView.storyboard; sourceTree = "<group>"; };
		512AF7AB2829393000398A81 /* PreviewViewController.swift */ = {isa = PBXFileReference; lastKnownFileType = sourcecode.swift; path = PreviewViewController.swift; sourceTree = "<group>"; };
		5153FF2027FD7BE00096AE7A /* hongkimDaonProject.app */ = {isa = PBXFileReference; explicitFileType = wrapper.application; includeInIndex = 0; path = hongkimDaonProject.app; sourceTree = BUILT_PRODUCTS_DIR; };
		5153FF2327FD7BE00096AE7A /* AppDelegate.swift */ = {isa = PBXFileReference; lastKnownFileType = sourcecode.swift; path = AppDelegate.swift; sourceTree = "<group>"; };
		5153FF2527FD7BE00096AE7A /* SceneDelegate.swift */ = {isa = PBXFileReference; lastKnownFileType = sourcecode.swift; path = SceneDelegate.swift; sourceTree = "<group>"; };
		5153FF2727FD7BE00096AE7A /* LoginViewController.swift */ = {isa = PBXFileReference; lastKnownFileType = sourcecode.swift; path = LoginViewController.swift; sourceTree = "<group>"; };
		5153FF2A27FD7BE00096AE7A /* Base */ = {isa = PBXFileReference; lastKnownFileType = file.storyboard; name = Base; path = Base.lproj/LoginView.storyboard; sourceTree = "<group>"; };
		5153FF2C27FD7BE00096AE7A /* Assets.xcassets */ = {isa = PBXFileReference; lastKnownFileType = folder.assetcatalog; path = Assets.xcassets; sourceTree = "<group>"; };
		5153FF2F27FD7BE00096AE7A /* Base */ = {isa = PBXFileReference; lastKnownFileType = file.storyboard; name = Base; path = Base.lproj/LaunchScreen.storyboard; sourceTree = "<group>"; };
		5153FF3127FD7BE00096AE7A /* Info.plist */ = {isa = PBXFileReference; lastKnownFileType = text.plist.xml; path = Info.plist; sourceTree = "<group>"; };
		516944502800142600462016 /* JejuMyeongjoOTF.otf */ = {isa = PBXFileReference; lastKnownFileType = file; path = JejuMyeongjoOTF.otf; sourceTree = "<group>"; };
		5174FEA72808167400A844CD /* Diary.swift */ = {isa = PBXFileReference; lastKnownFileType = sourcecode.swift; path = Diary.swift; sourceTree = "<group>"; };
		5174FEA92808DFD800A844CD /* DatabaseManager.swift */ = {isa = PBXFileReference; lastKnownFileType = sourcecode.swift; path = DatabaseManager.swift; sourceTree = "<group>"; };
		5174FEAD280C3A2900A844CD /* MyDiaryCell.xib */ = {isa = PBXFileReference; lastKnownFileType = file.xib; path = MyDiaryCell.xib; sourceTree = "<group>"; };
		5174FEAF280C3B2400A844CD /* MyDiaryCell.swift */ = {isa = PBXFileReference; lastKnownFileType = sourcecode.swift; path = MyDiaryCell.swift; sourceTree = "<group>"; };
		51795E3927FD8BA700D5C696 /* .swiftlint.yml */ = {isa = PBXFileReference; lastKnownFileType = text.yaml; path = .swiftlint.yml; sourceTree = "<group>"; };
		51CD3A3728197EC900145778 /* EditDiaryPageViewController.swift */ = {isa = PBXFileReference; lastKnownFileType = sourcecode.swift; path = EditDiaryPageViewController.swift; sourceTree = "<group>"; };
		51CD3A392819825300145778 /* EditDiaryPageView.storyboard */ = {isa = PBXFileReference; lastKnownFileType = file.storyboard; path = EditDiaryPageView.storyboard; sourceTree = "<group>"; };
		51F363C5280E01A6003452F4 /* Daon.swift */ = {isa = PBXFileReference; lastKnownFileType = sourcecode.swift; path = Daon.swift; sourceTree = "<group>"; };
		51F920982811A617005CC6B7 /* AuthManager.swift */ = {isa = PBXFileReference; lastKnownFileType = sourcecode.swift; path = AuthManager.swift; sourceTree = "<group>"; };
		51F9209A2811B132005CC6B7 /* AppController.swift */ = {isa = PBXFileReference; lastKnownFileType = sourcecode.swift; path = AppController.swift; sourceTree = "<group>"; };
		BC070199280449ED00139415 /* GoogleService-Info.plist */ = {isa = PBXFileReference; fileEncoding = 4; lastKnownFileType = text.plist.xml; path = "GoogleService-Info.plist"; sourceTree = "<group>"; };
		BC2199FA28167BD100FE66A3 /* WidgetKit.framework */ = {isa = PBXFileReference; lastKnownFileType = wrapper.framework; name = WidgetKit.framework; path = System/Library/Frameworks/WidgetKit.framework; sourceTree = SDKROOT; };
		BC2199FC28167BD100FE66A3 /* SwiftUI.framework */ = {isa = PBXFileReference; lastKnownFileType = wrapper.framework; name = SwiftUI.framework; path = System/Library/Frameworks/SwiftUI.framework; sourceTree = SDKROOT; };
		BC39EC02281927EF00728B8B /* StartPageViewController.swift */ = {isa = PBXFileReference; lastKnownFileType = sourcecode.swift; path = StartPageViewController.swift; sourceTree = "<group>"; };
		BC4BC7C72809236C00C755BF /* AllWordingCell.xib */ = {isa = PBXFileReference; lastKnownFileType = file.xib; path = AllWordingCell.xib; sourceTree = "<group>"; };
		BC4BC7CA280923EC00C755BF /* AllWordingCell.swift */ = {isa = PBXFileReference; lastKnownFileType = sourcecode.swift; path = AllWordingCell.swift; sourceTree = "<group>"; };
		BC5777432807D81C00B4E664 /* FirstMainPageViewController.swift */ = {isa = PBXFileReference; lastKnownFileType = sourcecode.swift; path = FirstMainPageViewController.swift; sourceTree = "<group>"; };
		BC5777452807DAD100B4E664 /* FirstMainPageContainerViewController.swift */ = {isa = PBXFileReference; lastKnownFileType = sourcecode.swift; path = FirstMainPageContainerViewController.swift; sourceTree = "<group>"; };
		BC5777472807DE0700B4E664 /* TodayWordingPageViewController.swift */ = {isa = PBXFileReference; lastKnownFileType = sourcecode.swift; path = TodayWordingPageViewController.swift; sourceTree = "<group>"; };
		BC57774C2808267900B4E664 /* AlphaMainPageViewController.swift */ = {isa = PBXFileReference; lastKnownFileType = sourcecode.swift; path = AlphaMainPageViewController.swift; sourceTree = "<group>"; };
		BC57774E2808268F00B4E664 /* AlphaMainPageContainerViewController.swift */ = {isa = PBXFileReference; lastKnownFileType = sourcecode.swift; path = AlphaMainPageContainerViewController.swift; sourceTree = "<group>"; };
		BC57775028082CB600B4E664 /* AlphaTodayWordingPageViewController.swift */ = {isa = PBXFileReference; lastKnownFileType = sourcecode.swift; path = AlphaTodayWordingPageViewController.swift; sourceTree = "<group>"; };
		BC57775228082CDD00B4E664 /* AllWordingPageViewController.swift */ = {isa = PBXFileReference; lastKnownFileType = sourcecode.swift; path = AllWordingPageViewController.swift; sourceTree = "<group>"; };
		BC69DD4B28017D7D00A6A9F6 /* MainPageView.storyboard */ = {isa = PBXFileReference; lastKnownFileType = file.storyboard; path = MainPageView.storyboard; sourceTree = "<group>"; };
		BC69DD4D28017DA200A6A9F6 /* SecondMainPageViewController.swift */ = {isa = PBXFileReference; lastKnownFileType = sourcecode.swift; path = SecondMainPageViewController.swift; sourceTree = "<group>"; };
		BC69DD532801903E00A6A9F6 /* MyDiaryViewController.swift */ = {isa = PBXFileReference; lastKnownFileType = sourcecode.swift; path = MyDiaryViewController.swift; sourceTree = "<group>"; };
		BC69DD562801905400A6A9F6 /* MyStorageViewController.swift */ = {isa = PBXFileReference; lastKnownFileType = sourcecode.swift; path = MyStorageViewController.swift; sourceTree = "<group>"; };
		BC69DD5E2802FE5900A6A9F6 /* SecondMainPageContainerViewController.swift */ = {isa = PBXFileReference; lastKnownFileType = sourcecode.swift; path = SecondMainPageContainerViewController.swift; sourceTree = "<group>"; };
		BC6C87B72812AC3D00156D89 /* SetNotificationPageViewController.swift */ = {isa = PBXFileReference; lastKnownFileType = sourcecode.swift; path = SetNotificationPageViewController.swift; sourceTree = "<group>"; };
		BC75892428263776002DE8E1 /* lottieFile.json */ = {isa = PBXFileReference; fileEncoding = 4; lastKnownFileType = text.json; path = lottieFile.json; sourceTree = "<group>"; };
		BC7C9CB928055D4300FF28E1 /* User.swift */ = {isa = PBXFileReference; lastKnownFileType = sourcecode.swift; path = User.swift; sourceTree = SOURCE_ROOT; };
		BCA410D8282248DC000C318F /* Constants.swift */ = {isa = PBXFileReference; lastKnownFileType = sourcecode.swift; path = Constants.swift; sourceTree = "<group>"; };
		BCA9C4CF2803E6BC0017EC87 /* MyStorageCell.swift */ = {isa = PBXFileReference; lastKnownFileType = sourcecode.swift; path = MyStorageCell.swift; sourceTree = "<group>"; };
		BCA9C4D12803E84C0017EC87 /* MyStorageCell.xib */ = {isa = PBXFileReference; lastKnownFileType = file.xib; path = MyStorageCell.xib; sourceTree = "<group>"; };
		BCD34460280FC3CC00D34EE5 /* MyStorage.swift */ = {isa = PBXFileReference; lastKnownFileType = sourcecode.swift; path = MyStorage.swift; sourceTree = "<group>"; };
/* End PBXFileReference section */

/* Begin PBXFrameworksBuildPhase section */
		5153FF1D27FD7BE00096AE7A /* Frameworks */ = {
			isa = PBXFrameworksBuildPhase;
			buildActionMask = 2147483647;
			files = (
				511636152AA32B7300521F71 /* RxSwift in Frameworks */,
				511635F52AA3221200521F71 /* Kingfisher in Frameworks */,
				511636012AA3235100521F71 /* STTextView in Frameworks */,
				5116360C2AA3276200521F71 /* FirebaseMessaging in Frameworks */,
				51F363C4280D221B003452F4 /* RealmSwift in Frameworks */,
				51F363C2280D221B003452F4 /* Realm in Frameworks */,
				511636102AA3276200521F71 /* FirebaseStorage in Frameworks */,
				511635FE2AA322E100521F71 /* Lottie in Frameworks */,
				511636082AA3276200521F71 /* FirebaseFirestore in Frameworks */,
				511635F22AA321EA00521F71 /* FMPhotoPicker in Frameworks */,
				511636132AA32B7300521F71 /* RxCocoa in Frameworks */,
				5116360A2AA3276200521F71 /* FirebaseFirestoreSwift in Frameworks */,
				5116360E2AA3276200521F71 /* FirebaseRemoteConfig in Frameworks */,
				511635EF2AA321C300521F71 /* Tabman in Frameworks */,
				511636062AA3276200521F71 /* FirebaseAuth in Frameworks */,
				511635F82AA3226900521F71 /* IQKeyboardManagerSwift in Frameworks */,
				511636042AA3276200521F71 /* FirebaseAnalytics in Frameworks */,
				511635EC2AA321A000521F71 /* SnapKit in Frameworks */,
			);
			runOnlyForDeploymentPostprocessing = 0;
		};
/* End PBXFrameworksBuildPhase section */

/* Begin PBXGroup section */
		292A023BD65F6B567259BE21 /* Frameworks */ = {
			isa = PBXGroup;
			children = (
				BC2199FA28167BD100FE66A3 /* WidgetKit.framework */,
				BC2199FC28167BD100FE66A3 /* SwiftUI.framework */,
			);
			name = Frameworks;
			sourceTree = "<group>";
		};
		5117C9CC28008AC20072B9B2 /* Api */ = {
			isa = PBXGroup;
			children = (
				5117C9DC2803FD5A0072B9B2 /* firebase */,
			);
			path = Api;
			sourceTree = "<group>";
		};
		5117C9D52803F38F0072B9B2 /* SettingPage */ = {
			isa = PBXGroup;
			children = (
				5117C9DA2803F4820072B9B2 /* SettingPageView.storyboard */,
			);
			path = SettingPage;
			sourceTree = "<group>";
		};
		5117C9DC2803FD5A0072B9B2 /* firebase */ = {
			isa = PBXGroup;
			children = (
				5117C9CD28008AD90072B9B2 /* StorageManager.swift */,
				5174FEA92808DFD800A844CD /* DatabaseManager.swift */,
				51F920982811A617005CC6B7 /* AuthManager.swift */,
			);
			path = firebase;
			sourceTree = "<group>";
		};
		5117C9DD2803FDF10072B9B2 /* SettingPage */ = {
			isa = PBXGroup;
			children = (
				5117C9D82803F4500072B9B2 /* SettingPageViewController.swift */,
				BC6C87B72812AC3D00156D89 /* SetNotificationPageViewController.swift */,
			);
			path = SettingPage;
			sourceTree = "<group>";
		};
		5117C9E22803FEB20072B9B2 /* DiaryPage */ = {
			isa = PBXGroup;
			children = (
				5117C9E32803FF070072B9B2 /* WriteDiaryPageViewController.swift */,
				51CD3A3728197EC900145778 /* EditDiaryPageViewController.swift */,
				51195299290AB6FE00D05CB8 /* DetailDiaryPageViewController.swift */,
			);
			path = DiaryPage;
			sourceTree = "<group>";
		};
		5117C9E52803FF190072B9B2 /* DiaryPage */ = {
			isa = PBXGroup;
			children = (
				5117C9E02803FE830072B9B2 /* WriteDiaryPageView.storyboard */,
				51CD3A392819825300145778 /* EditDiaryPageView.storyboard */,
			);
			path = DiaryPage;
			sourceTree = "<group>";
		};
		51195292290AB54A00D05CB8 /* Extensions */ = {
			isa = PBXGroup;
			children = (
				51195293290AB55E00D05CB8 /* Date+Ext.swift */,
				51195295290AB59500D05CB8 /* UIImage+Ext.swift */,
				51195297290AB5B100D05CB8 /* UIViewController+Ext.swift */,
			);
			path = Extensions;
			sourceTree = "<group>";
		};
		5153FF1727FD7BE00096AE7A = {
			isa = PBXGroup;
			children = (
				51795E3927FD8BA700D5C696 /* .swiftlint.yml */,
				5153FF2227FD7BE00096AE7A /* hongkimDaonProject */,
				5153FF2127FD7BE00096AE7A /* Products */,
				292A023BD65F6B567259BE21 /* Frameworks */,
			);
			sourceTree = "<group>";
		};
		5153FF2127FD7BE00096AE7A /* Products */ = {
			isa = PBXGroup;
			children = (
				5153FF2027FD7BE00096AE7A /* hongkimDaonProject.app */,
			);
			name = Products;
			sourceTree = "<group>";
		};
		5153FF2227FD7BE00096AE7A /* hongkimDaonProject */ = {
			isa = PBXGroup;
			children = (
				BC75892428263776002DE8E1 /* lottieFile.json */,
				516944492800046C00462016 /* Resources */,
				516944482800046300462016 /* Model */,
				516944472800045D00462016 /* Controller */,
				516944462800045500462016 /* View */,
				5153FF2327FD7BE00096AE7A /* AppDelegate.swift */,
				BC070199280449ED00139415 /* GoogleService-Info.plist */,
				5153FF2527FD7BE00096AE7A /* SceneDelegate.swift */,
				5153FF2C27FD7BE00096AE7A /* Assets.xcassets */,
				5153FF2E27FD7BE00096AE7A /* LaunchScreen.storyboard */,
				5153FF3127FD7BE00096AE7A /* Info.plist */,
			);
			path = hongkimDaonProject;
			sourceTree = "<group>";
		};
		516944462800045500462016 /* View */ = {
			isa = PBXGroup;
			children = (
				5117C9E52803FF190072B9B2 /* DiaryPage */,
				5117C9D52803F38F0072B9B2 /* SettingPage */,
				BCA9C4D82803FEA20017EC87 /* LoginPage */,
				BCA9C4D72803FE8E0017EC87 /* MainPage */,
			);
			path = View;
			sourceTree = "<group>";
		};
		516944472800045D00462016 /* Controller */ = {
			isa = PBXGroup;
			children = (
				5117C9E22803FEB20072B9B2 /* DiaryPage */,
				5117C9DD2803FDF10072B9B2 /* SettingPage */,
				BCA9C4DD2803FF5B0017EC87 /* LoginPage */,
				BCA9C4DB2803FF3E0017EC87 /* MainPage */,
				BC39EC02281927EF00728B8B /* StartPageViewController.swift */,
			);
			path = Controller;
			sourceTree = "<group>";
		};
		516944482800046300462016 /* Model */ = {
			isa = PBXGroup;
			children = (
				BC7C9CB928055D4300FF28E1 /* User.swift */,
				5174FEA72808167400A844CD /* Diary.swift */,
				51F363C5280E01A6003452F4 /* Daon.swift */,
				BCD34460280FC3CC00D34EE5 /* MyStorage.swift */,
			);
			path = Model;
			sourceTree = "<group>";
		};
		516944492800046C00462016 /* Resources */ = {
			isa = PBXGroup;
			children = (
				51195292290AB54A00D05CB8 /* Extensions */,
				5117C9CC28008AC20072B9B2 /* Api */,
				5169444A2800047200462016 /* Fonts */,
				BCA410D8282248DC000C318F /* Constants.swift */,
			);
			path = Resources;
			sourceTree = "<group>";
		};
		5169444A2800047200462016 /* Fonts */ = {
			isa = PBXGroup;
			children = (
				516944502800142600462016 /* JejuMyeongjoOTF.otf */,
			);
			path = Fonts;
			sourceTree = "<group>";
		};
		BC4BC7C9280923CD00C755BF /* Cells */ = {
			isa = PBXGroup;
			children = (
				BC4BC7CA280923EC00C755BF /* AllWordingCell.swift */,
			);
			path = Cells;
			sourceTree = "<group>";
		};
		BC5777402807C2DF00B4E664 /* FirstPage */ = {
			isa = PBXGroup;
			children = (
				BC57774B2808262500B4E664 /* AlphaPage */,
				BC5777432807D81C00B4E664 /* FirstMainPageViewController.swift */,
				BC5777452807DAD100B4E664 /* FirstMainPageContainerViewController.swift */,
				BC5777472807DE0700B4E664 /* TodayWordingPageViewController.swift */,
			);
			path = FirstPage;
			sourceTree = "<group>";
		};
		BC5777422807C2ED00B4E664 /* SecondPage */ = {
			isa = PBXGroup;
			children = (
				BCA9C4DE2803FF900017EC87 /* Cells */,
				BC69DD562801905400A6A9F6 /* MyStorageViewController.swift */,
				BC69DD5E2802FE5900A6A9F6 /* SecondMainPageContainerViewController.swift */,
				BC69DD4D28017DA200A6A9F6 /* SecondMainPageViewController.swift */,
				BC69DD532801903E00A6A9F6 /* MyDiaryViewController.swift */,
			);
			path = SecondPage;
			sourceTree = "<group>";
		};
		BC57774B2808262500B4E664 /* AlphaPage */ = {
			isa = PBXGroup;
			children = (
				BC4BC7C9280923CD00C755BF /* Cells */,
				BC57774C2808267900B4E664 /* AlphaMainPageViewController.swift */,
				BC57774E2808268F00B4E664 /* AlphaMainPageContainerViewController.swift */,
				BC57775028082CB600B4E664 /* AlphaTodayWordingPageViewController.swift */,
				BC57775228082CDD00B4E664 /* AllWordingPageViewController.swift */,
			);
			path = AlphaPage;
			sourceTree = "<group>";
		};
		BCA9C4D72803FE8E0017EC87 /* MainPage */ = {
			isa = PBXGroup;
			children = (
				BCA9C4D92803FEB10017EC87 /* Cells */,
				BC69DD4B28017D7D00A6A9F6 /* MainPageView.storyboard */,
			);
			path = MainPage;
			sourceTree = "<group>";
		};
		BCA9C4D82803FEA20017EC87 /* LoginPage */ = {
			isa = PBXGroup;
			children = (
				5153FF2927FD7BE00096AE7A /* LoginView.storyboard */,
				512AF7A9282938F200398A81 /* PreviewView.storyboard */,
			);
			path = LoginPage;
			sourceTree = "<group>";
		};
		BCA9C4D92803FEB10017EC87 /* Cells */ = {
			isa = PBXGroup;
			children = (
				BCA9C4D12803E84C0017EC87 /* MyStorageCell.xib */,
				BC4BC7C72809236C00C755BF /* AllWordingCell.xib */,
				5174FEAD280C3A2900A844CD /* MyDiaryCell.xib */,
			);
			path = Cells;
			sourceTree = "<group>";
		};
		BCA9C4DB2803FF3E0017EC87 /* MainPage */ = {
			isa = PBXGroup;
			children = (
				BC5777422807C2ED00B4E664 /* SecondPage */,
				BC5777402807C2DF00B4E664 /* FirstPage */,
				51F9209A2811B132005CC6B7 /* AppController.swift */,
			);
			path = MainPage;
			sourceTree = "<group>";
		};
		BCA9C4DD2803FF5B0017EC87 /* LoginPage */ = {
			isa = PBXGroup;
			children = (
				5153FF2727FD7BE00096AE7A /* LoginViewController.swift */,
				512AF7AB2829393000398A81 /* PreviewViewController.swift */,
			);
			path = LoginPage;
			sourceTree = "<group>";
		};
		BCA9C4DE2803FF900017EC87 /* Cells */ = {
			isa = PBXGroup;
			children = (
				BCA9C4CF2803E6BC0017EC87 /* MyStorageCell.swift */,
				5174FEAF280C3B2400A844CD /* MyDiaryCell.swift */,
			);
			path = Cells;
			sourceTree = "<group>";
		};
/* End PBXGroup section */

/* Begin PBXNativeTarget section */
		5153FF1F27FD7BE00096AE7A /* hongkimDaonProject */ = {
			isa = PBXNativeTarget;
			buildConfigurationList = 5153FF3427FD7BE00096AE7A /* Build configuration list for PBXNativeTarget "hongkimDaonProject" */;
			buildPhases = (
				5153FF1C27FD7BE00096AE7A /* Sources */,
				5153FF1D27FD7BE00096AE7A /* Frameworks */,
				5153FF1E27FD7BE00096AE7A /* Resources */,
				BC219A0728167BD200FE66A3 /* Embed App Extensions */,
			);
			buildRules = (
			);
			dependencies = (
			);
			name = hongkimDaonProject;
			packageProductDependencies = (
				51F363C1280D221B003452F4 /* Realm */,
				51F363C3280D221B003452F4 /* RealmSwift */,
				511635EB2AA321A000521F71 /* SnapKit */,
				511635EE2AA321C300521F71 /* Tabman */,
				511635F12AA321EA00521F71 /* FMPhotoPicker */,
				511635F42AA3221200521F71 /* Kingfisher */,
				511635F72AA3226900521F71 /* IQKeyboardManagerSwift */,
				511635FD2AA322E100521F71 /* Lottie */,
				511636002AA3235100521F71 /* STTextView */,
				511636032AA3276200521F71 /* FirebaseAnalytics */,
				511636052AA3276200521F71 /* FirebaseAuth */,
				511636072AA3276200521F71 /* FirebaseFirestore */,
				511636092AA3276200521F71 /* FirebaseFirestoreSwift */,
				5116360B2AA3276200521F71 /* FirebaseMessaging */,
				5116360D2AA3276200521F71 /* FirebaseRemoteConfig */,
				5116360F2AA3276200521F71 /* FirebaseStorage */,
				511636122AA32B7300521F71 /* RxCocoa */,
				511636142AA32B7300521F71 /* RxSwift */,
			);
			productName = hongkimDaonProject;
			productReference = 5153FF2027FD7BE00096AE7A /* hongkimDaonProject.app */;
			productType = "com.apple.product-type.application";
		};
/* End PBXNativeTarget section */

/* Begin PBXProject section */
		5153FF1827FD7BE00096AE7A /* Project object */ = {
			isa = PBXProject;
			attributes = {
				BuildIndependentTargetsInParallel = 1;
				LastSwiftUpdateCheck = 1330;
				LastUpgradeCheck = 1330;
				TargetAttributes = {
					5153FF1F27FD7BE00096AE7A = {
						CreatedOnToolsVersion = 13.3;
					};
				};
			};
			buildConfigurationList = 5153FF1B27FD7BE00096AE7A /* Build configuration list for PBXProject "hongkimDaonProject" */;
			compatibilityVersion = "Xcode 13.0";
			developmentRegion = ko;
			hasScannedForEncodings = 0;
			knownRegions = (
				ko,
				Base,
			);
			mainGroup = 5153FF1727FD7BE00096AE7A;
			packageReferences = (
				51F363C0280D221B003452F4 /* XCRemoteSwiftPackageReference "realm-swift" */,
				511635EA2AA321A000521F71 /* XCRemoteSwiftPackageReference "SnapKit" */,
				511635ED2AA321C300521F71 /* XCRemoteSwiftPackageReference "Tabman" */,
				511635F02AA321EA00521F71 /* XCRemoteSwiftPackageReference "FMPhotoPicker" */,
				511635F32AA3221200521F71 /* XCRemoteSwiftPackageReference "Kingfisher" */,
				511635F62AA3226900521F71 /* XCRemoteSwiftPackageReference "IQKeyboardManager" */,
				511635FC2AA322E100521F71 /* XCRemoteSwiftPackageReference "lottie-ios" */,
				511635FF2AA3235100521F71 /* XCRemoteSwiftPackageReference "STTextView" */,
				511636022AA3276200521F71 /* XCRemoteSwiftPackageReference "firebase-ios-sdk" */,
				511636112AA32B7300521F71 /* XCRemoteSwiftPackageReference "RxSwift" */,
			);
			productRefGroup = 5153FF2127FD7BE00096AE7A /* Products */;
			projectDirPath = "";
			projectRoot = "";
			targets = (
				5153FF1F27FD7BE00096AE7A /* hongkimDaonProject */,
			);
		};
/* End PBXProject section */

/* Begin PBXResourcesBuildPhase section */
		5153FF1E27FD7BE00096AE7A /* Resources */ = {
			isa = PBXResourcesBuildPhase;
			buildActionMask = 2147483647;
			files = (
				51CD3A3A2819825300145778 /* EditDiaryPageView.storyboard in Resources */,
				5117C9E12803FE830072B9B2 /* WriteDiaryPageView.storyboard in Resources */,
				BC4BC7C82809236C00C755BF /* AllWordingCell.xib in Resources */,
				516944512800142C00462016 /* JejuMyeongjoOTF.otf in Resources */,
				512AF7AA282938F200398A81 /* PreviewView.storyboard in Resources */,
				51795E3A27FD8BA700D5C696 /* .swiftlint.yml in Resources */,
				5153FF3027FD7BE00096AE7A /* LaunchScreen.storyboard in Resources */,
				BC75892528263776002DE8E1 /* lottieFile.json in Resources */,
				BC07019A280449ED00139415 /* GoogleService-Info.plist in Resources */,
				BC69DD4C28017D7D00A6A9F6 /* MainPageView.storyboard in Resources */,
				5153FF2D27FD7BE00096AE7A /* Assets.xcassets in Resources */,
				BCA9C4D22803E84C0017EC87 /* MyStorageCell.xib in Resources */,
				5174FEAE280C3A2900A844CD /* MyDiaryCell.xib in Resources */,
				5153FF2B27FD7BE00096AE7A /* LoginView.storyboard in Resources */,
				5117C9DB2803F4820072B9B2 /* SettingPageView.storyboard in Resources */,
			);
			runOnlyForDeploymentPostprocessing = 0;
		};
/* End PBXResourcesBuildPhase section */

/* Begin PBXSourcesBuildPhase section */
		5153FF1C27FD7BE00096AE7A /* Sources */ = {
			isa = PBXSourcesBuildPhase;
			buildActionMask = 2147483647;
			files = (
				51195296290AB59500D05CB8 /* UIImage+Ext.swift in Sources */,
				519F762E2854697F00A5BEDF /* StorageManager.swift in Sources */,
				BC6C87B82812AC3D00156D89 /* SetNotificationPageViewController.swift in Sources */,
				BC5777482807DE0700B4E664 /* TodayWordingPageViewController.swift in Sources */,
				5174FEAA2808DFD800A844CD /* DatabaseManager.swift in Sources */,
				51F920992811A617005CC6B7 /* AuthManager.swift in Sources */,
				5117C9E42803FF070072B9B2 /* WriteDiaryPageViewController.swift in Sources */,
				51F363C6280E01A7003452F4 /* Daon.swift in Sources */,
				5153FF2427FD7BE00096AE7A /* AppDelegate.swift in Sources */,
				5117C9D92803F4500072B9B2 /* SettingPageViewController.swift in Sources */,
				5119529A290AB6FE00D05CB8 /* DetailDiaryPageViewController.swift in Sources */,
				5153FF2627FD7BE00096AE7A /* SceneDelegate.swift in Sources */,
				BC4BC7CB280923EC00C755BF /* AllWordingCell.swift in Sources */,
				51F9209B2811B132005CC6B7 /* AppController.swift in Sources */,
				5153FF2827FD7BE00096AE7A /* LoginViewController.swift in Sources */,
				BC69DD5F2802FE5900A6A9F6 /* SecondMainPageContainerViewController.swift in Sources */,
				BCA9C4D02803E6BC0017EC87 /* MyStorageCell.swift in Sources */,
				BC57774D2808267900B4E664 /* AlphaMainPageViewController.swift in Sources */,
				BC57775128082CB600B4E664 /* AlphaTodayWordingPageViewController.swift in Sources */,
				BC7C9CBA28055D4300FF28E1 /* User.swift in Sources */,
				BC69DD4E28017DA200A6A9F6 /* SecondMainPageViewController.swift in Sources */,
				51195294290AB55E00D05CB8 /* Date+Ext.swift in Sources */,
				5174FEB0280C3B2400A844CD /* MyDiaryCell.swift in Sources */,
				5174FEA82808167400A844CD /* Diary.swift in Sources */,
				512AF7AC2829393000398A81 /* PreviewViewController.swift in Sources */,
				BC69DD572801905400A6A9F6 /* MyStorageViewController.swift in Sources */,
				BCD34461280FC3CC00D34EE5 /* MyStorage.swift in Sources */,
				51195298290AB5B100D05CB8 /* UIViewController+Ext.swift in Sources */,
				BC57775328082CDD00B4E664 /* AllWordingPageViewController.swift in Sources */,
				BC69DD542801903E00A6A9F6 /* MyDiaryViewController.swift in Sources */,
				BC39EC03281927EF00728B8B /* StartPageViewController.swift in Sources */,
				BC5777462807DAD100B4E664 /* FirstMainPageContainerViewController.swift in Sources */,
				BC5777442807D81C00B4E664 /* FirstMainPageViewController.swift in Sources */,
				BC57774F2808268F00B4E664 /* AlphaMainPageContainerViewController.swift in Sources */,
				51CD3A3828197EC900145778 /* EditDiaryPageViewController.swift in Sources */,
				BCA410D9282248DC000C318F /* Constants.swift in Sources */,
			);
			runOnlyForDeploymentPostprocessing = 0;
		};
/* End PBXSourcesBuildPhase section */

/* Begin PBXVariantGroup section */
		5153FF2927FD7BE00096AE7A /* LoginView.storyboard */ = {
			isa = PBXVariantGroup;
			children = (
				5153FF2A27FD7BE00096AE7A /* Base */,
			);
			name = LoginView.storyboard;
			sourceTree = "<group>";
		};
		5153FF2E27FD7BE00096AE7A /* LaunchScreen.storyboard */ = {
			isa = PBXVariantGroup;
			children = (
				5153FF2F27FD7BE00096AE7A /* Base */,
			);
			name = LaunchScreen.storyboard;
			sourceTree = "<group>";
		};
/* End PBXVariantGroup section */

/* Begin XCBuildConfiguration section */
		5153FF3227FD7BE00096AE7A /* Debug */ = {
			isa = XCBuildConfiguration;
			buildSettings = {
				ALWAYS_SEARCH_USER_PATHS = NO;
				CLANG_ANALYZER_NONNULL = YES;
				CLANG_ANALYZER_NUMBER_OBJECT_CONVERSION = YES_AGGRESSIVE;
				CLANG_CXX_LANGUAGE_STANDARD = "gnu++17";
				CLANG_ENABLE_MODULES = YES;
				CLANG_ENABLE_OBJC_ARC = YES;
				CLANG_ENABLE_OBJC_WEAK = YES;
				CLANG_WARN_BLOCK_CAPTURE_AUTORELEASING = YES;
				CLANG_WARN_BOOL_CONVERSION = YES;
				CLANG_WARN_COMMA = YES;
				CLANG_WARN_CONSTANT_CONVERSION = YES;
				CLANG_WARN_DEPRECATED_OBJC_IMPLEMENTATIONS = YES;
				CLANG_WARN_DIRECT_OBJC_ISA_USAGE = YES_ERROR;
				CLANG_WARN_DOCUMENTATION_COMMENTS = YES;
				CLANG_WARN_EMPTY_BODY = YES;
				CLANG_WARN_ENUM_CONVERSION = YES;
				CLANG_WARN_INFINITE_RECURSION = YES;
				CLANG_WARN_INT_CONVERSION = YES;
				CLANG_WARN_NON_LITERAL_NULL_CONVERSION = YES;
				CLANG_WARN_OBJC_IMPLICIT_RETAIN_SELF = YES;
				CLANG_WARN_OBJC_LITERAL_CONVERSION = YES;
				CLANG_WARN_OBJC_ROOT_CLASS = YES_ERROR;
				CLANG_WARN_QUOTED_INCLUDE_IN_FRAMEWORK_HEADER = YES;
				CLANG_WARN_RANGE_LOOP_ANALYSIS = YES;
				CLANG_WARN_STRICT_PROTOTYPES = YES;
				CLANG_WARN_SUSPICIOUS_MOVE = YES;
				CLANG_WARN_UNGUARDED_AVAILABILITY = YES_AGGRESSIVE;
				CLANG_WARN_UNREACHABLE_CODE = YES;
				CLANG_WARN__DUPLICATE_METHOD_MATCH = YES;
				COPY_PHASE_STRIP = NO;
				DEBUG_INFORMATION_FORMAT = dwarf;
				ENABLE_STRICT_OBJC_MSGSEND = YES;
				ENABLE_TESTABILITY = YES;
				GCC_C_LANGUAGE_STANDARD = gnu11;
				GCC_DYNAMIC_NO_PIC = NO;
				GCC_NO_COMMON_BLOCKS = YES;
				GCC_OPTIMIZATION_LEVEL = 0;
				GCC_PREPROCESSOR_DEFINITIONS = (
					"DEBUG=1",
					"$(inherited)",
				);
				GCC_WARN_64_TO_32_BIT_CONVERSION = YES;
				GCC_WARN_ABOUT_RETURN_TYPE = YES_ERROR;
				GCC_WARN_UNDECLARED_SELECTOR = YES;
				GCC_WARN_UNINITIALIZED_AUTOS = YES_AGGRESSIVE;
				GCC_WARN_UNUSED_FUNCTION = YES;
				GCC_WARN_UNUSED_VARIABLE = YES;
				INFOPLIST_KEY_CFBundleDisplayName = "다온";
				IPHONEOS_DEPLOYMENT_TARGET = 16.0;
				MTL_ENABLE_DEBUG_INFO = INCLUDE_SOURCE;
				MTL_FAST_MATH = YES;
				ONLY_ACTIVE_ARCH = YES;
				SDKROOT = iphoneos;
				SWIFT_ACTIVE_COMPILATION_CONDITIONS = DEBUG;
				SWIFT_OPTIMIZATION_LEVEL = "-Onone";
			};
			name = Debug;
		};
		5153FF3327FD7BE00096AE7A /* Release */ = {
			isa = XCBuildConfiguration;
			buildSettings = {
				ALWAYS_SEARCH_USER_PATHS = NO;
				CLANG_ANALYZER_NONNULL = YES;
				CLANG_ANALYZER_NUMBER_OBJECT_CONVERSION = YES_AGGRESSIVE;
				CLANG_CXX_LANGUAGE_STANDARD = "gnu++17";
				CLANG_ENABLE_MODULES = YES;
				CLANG_ENABLE_OBJC_ARC = YES;
				CLANG_ENABLE_OBJC_WEAK = YES;
				CLANG_WARN_BLOCK_CAPTURE_AUTORELEASING = YES;
				CLANG_WARN_BOOL_CONVERSION = YES;
				CLANG_WARN_COMMA = YES;
				CLANG_WARN_CONSTANT_CONVERSION = YES;
				CLANG_WARN_DEPRECATED_OBJC_IMPLEMENTATIONS = YES;
				CLANG_WARN_DIRECT_OBJC_ISA_USAGE = YES_ERROR;
				CLANG_WARN_DOCUMENTATION_COMMENTS = YES;
				CLANG_WARN_EMPTY_BODY = YES;
				CLANG_WARN_ENUM_CONVERSION = YES;
				CLANG_WARN_INFINITE_RECURSION = YES;
				CLANG_WARN_INT_CONVERSION = YES;
				CLANG_WARN_NON_LITERAL_NULL_CONVERSION = YES;
				CLANG_WARN_OBJC_IMPLICIT_RETAIN_SELF = YES;
				CLANG_WARN_OBJC_LITERAL_CONVERSION = YES;
				CLANG_WARN_OBJC_ROOT_CLASS = YES_ERROR;
				CLANG_WARN_QUOTED_INCLUDE_IN_FRAMEWORK_HEADER = YES;
				CLANG_WARN_RANGE_LOOP_ANALYSIS = YES;
				CLANG_WARN_STRICT_PROTOTYPES = YES;
				CLANG_WARN_SUSPICIOUS_MOVE = YES;
				CLANG_WARN_UNGUARDED_AVAILABILITY = YES_AGGRESSIVE;
				CLANG_WARN_UNREACHABLE_CODE = YES;
				CLANG_WARN__DUPLICATE_METHOD_MATCH = YES;
				COPY_PHASE_STRIP = NO;
				DEBUG_INFORMATION_FORMAT = "dwarf-with-dsym";
				ENABLE_NS_ASSERTIONS = NO;
				ENABLE_STRICT_OBJC_MSGSEND = YES;
				GCC_C_LANGUAGE_STANDARD = gnu11;
				GCC_NO_COMMON_BLOCKS = YES;
				GCC_WARN_64_TO_32_BIT_CONVERSION = YES;
				GCC_WARN_ABOUT_RETURN_TYPE = YES_ERROR;
				GCC_WARN_UNDECLARED_SELECTOR = YES;
				GCC_WARN_UNINITIALIZED_AUTOS = YES_AGGRESSIVE;
				GCC_WARN_UNUSED_FUNCTION = YES;
				GCC_WARN_UNUSED_VARIABLE = YES;
				INFOPLIST_KEY_CFBundleDisplayName = "다온";
				IPHONEOS_DEPLOYMENT_TARGET = 16.0;
				MTL_ENABLE_DEBUG_INFO = NO;
				MTL_FAST_MATH = YES;
				SDKROOT = iphoneos;
				SWIFT_ACTIVE_COMPILATION_CONDITIONS = RELEASE;
				SWIFT_COMPILATION_MODE = wholemodule;
				SWIFT_OPTIMIZATION_LEVEL = "-O";
				VALIDATE_PRODUCT = YES;
			};
			name = Release;
		};
		5153FF3527FD7BE00096AE7A /* Debug */ = {
			isa = XCBuildConfiguration;
			buildSettings = {
				ASSETCATALOG_COMPILER_APPICON_NAME = AppIcon;
				ASSETCATALOG_COMPILER_GLOBAL_ACCENT_COLOR_NAME = AccentColor;
				CLANG_ANALYZER_LOCALIZABILITY_NONLOCALIZED = NO;
				CODE_SIGN_ENTITLEMENTS = hongkimDaonProject/hongkimDaonProject.entitlements;
				CODE_SIGN_STYLE = Automatic;
				CURRENT_PROJECT_VERSION = 1;
				DEVELOPMENT_TEAM = F92UQYH2RA;
				GENERATE_INFOPLIST_FILE = YES;
				INFOPLIST_FILE = hongkimDaonProject/Info.plist;
				INFOPLIST_KEY_CFBundleDisplayName = "다온";
				INFOPLIST_KEY_NSCameraUsageDescription = "일기작성 시 사진 등록을 하기 위한 권한 요청";
				INFOPLIST_KEY_NSPhotoLibraryUsageDescription = "일기작성 시 사진 등록을 하기 위한 권한 요청";
				INFOPLIST_KEY_UIApplicationSupportsIndirectInputEvents = YES;
				INFOPLIST_KEY_UILaunchStoryboardName = LaunchScreen;
				INFOPLIST_KEY_UIMainStoryboardFile = MainPageView;
				INFOPLIST_KEY_UISupportedInterfaceOrientations_iPad = "UIInterfaceOrientationPortrait UIInterfaceOrientationPortraitUpsideDown UIInterfaceOrientationLandscapeLeft UIInterfaceOrientationLandscapeRight";
				INFOPLIST_KEY_UISupportedInterfaceOrientations_iPhone = "UIInterfaceOrientationPortrait UIInterfaceOrientationLandscapeLeft UIInterfaceOrientationLandscapeRight";
				INFOPLIST_KEY_UIUserInterfaceStyle = Light;
				LD_RUNPATH_SEARCH_PATHS = (
					"$(inherited)",
					"@executable_path/Frameworks",
				);
				MARKETING_VERSION = 1.0.2;
				PRODUCT_BUNDLE_IDENTIFIER = com.green.hongkimDaonProject;
				PRODUCT_NAME = "$(TARGET_NAME)";
				SWIFT_EMIT_LOC_STRINGS = YES;
				SWIFT_VERSION = 5.0;
				TARGETED_DEVICE_FAMILY = 1;
			};
			name = Debug;
		};
		5153FF3627FD7BE00096AE7A /* Release */ = {
			isa = XCBuildConfiguration;
			buildSettings = {
				ASSETCATALOG_COMPILER_APPICON_NAME = AppIcon;
				ASSETCATALOG_COMPILER_GLOBAL_ACCENT_COLOR_NAME = AccentColor;
				CLANG_ANALYZER_LOCALIZABILITY_NONLOCALIZED = NO;
				CODE_SIGN_ENTITLEMENTS = hongkimDaonProject/hongkimDaonProject.entitlements;
				CODE_SIGN_STYLE = Automatic;
				CURRENT_PROJECT_VERSION = 1;
				DEVELOPMENT_TEAM = F92UQYH2RA;
				GENERATE_INFOPLIST_FILE = YES;
				INFOPLIST_FILE = hongkimDaonProject/Info.plist;
				INFOPLIST_KEY_CFBundleDisplayName = "다온";
				INFOPLIST_KEY_NSCameraUsageDescription = "일기작성 시 사진 등록을 하기 위한 권한 요청";
				INFOPLIST_KEY_NSPhotoLibraryUsageDescription = "일기작성 시 사진 등록을 하기 위한 권한 요청";
				INFOPLIST_KEY_UIApplicationSupportsIndirectInputEvents = YES;
				INFOPLIST_KEY_UILaunchStoryboardName = LaunchScreen;
				INFOPLIST_KEY_UIMainStoryboardFile = MainPageView;
				INFOPLIST_KEY_UISupportedInterfaceOrientations_iPad = "UIInterfaceOrientationPortrait UIInterfaceOrientationPortraitUpsideDown UIInterfaceOrientationLandscapeLeft UIInterfaceOrientationLandscapeRight";
				INFOPLIST_KEY_UISupportedInterfaceOrientations_iPhone = "UIInterfaceOrientationPortrait UIInterfaceOrientationLandscapeLeft UIInterfaceOrientationLandscapeRight";
				INFOPLIST_KEY_UIUserInterfaceStyle = Light;
				LD_RUNPATH_SEARCH_PATHS = (
					"$(inherited)",
					"@executable_path/Frameworks",
				);
				MARKETING_VERSION = 1.0.2;
				PRODUCT_BUNDLE_IDENTIFIER = com.green.hongkimDaonProject;
				PRODUCT_NAME = "$(TARGET_NAME)";
				SWIFT_EMIT_LOC_STRINGS = YES;
				SWIFT_VERSION = 5.0;
				TARGETED_DEVICE_FAMILY = 1;
			};
			name = Release;
		};
/* End XCBuildConfiguration section */

/* Begin XCConfigurationList section */
		5153FF1B27FD7BE00096AE7A /* Build configuration list for PBXProject "hongkimDaonProject" */ = {
			isa = XCConfigurationList;
			buildConfigurations = (
				5153FF3227FD7BE00096AE7A /* Debug */,
				5153FF3327FD7BE00096AE7A /* Release */,
			);
			defaultConfigurationIsVisible = 0;
			defaultConfigurationName = Release;
		};
		5153FF3427FD7BE00096AE7A /* Build configuration list for PBXNativeTarget "hongkimDaonProject" */ = {
			isa = XCConfigurationList;
			buildConfigurations = (
				5153FF3527FD7BE00096AE7A /* Debug */,
				5153FF3627FD7BE00096AE7A /* Release */,
			);
			defaultConfigurationIsVisible = 0;
			defaultConfigurationName = Release;
		};
/* End XCConfigurationList section */

/* Begin XCRemoteSwiftPackageReference section */
		511635EA2AA321A000521F71 /* XCRemoteSwiftPackageReference "SnapKit" */ = {
			isa = XCRemoteSwiftPackageReference;
			repositoryURL = "https://github.com/SnapKit/SnapKit.git";
			requirement = {
				kind = revision;
				revision = f222cbdf325885926566172f6f5f06af95473158;
			};
		};
		511635ED2AA321C300521F71 /* XCRemoteSwiftPackageReference "Tabman" */ = {
			isa = XCRemoteSwiftPackageReference;
			repositoryURL = "https://github.com/uias/Tabman.git";
			requirement = {
				kind = revision;
				revision = e32c0d821b03566ed966753f941113883f268da0;
			};
		};
		511635F02AA321EA00521F71 /* XCRemoteSwiftPackageReference "FMPhotoPicker" */ = {
			isa = XCRemoteSwiftPackageReference;
			repositoryURL = "https://github.com/congnd/FMPhotoPicker.git";
			requirement = {
				kind = revision;
				revision = fccd843f042b12570bf0daa549b917792362784d;
			};
		};
		511635F32AA3221200521F71 /* XCRemoteSwiftPackageReference "Kingfisher" */ = {
			isa = XCRemoteSwiftPackageReference;
			repositoryURL = "https://github.com/onevcat/Kingfisher.git";
			requirement = {
				kind = revision;
				revision = b6f62758f21a8c03cd64f4009c037cfa580a256e;
			};
		};
		511635F62AA3226900521F71 /* XCRemoteSwiftPackageReference "IQKeyboardManager" */ = {
			isa = XCRemoteSwiftPackageReference;
			repositoryURL = "https://github.com/hackiftekhar/IQKeyboardManager.git";
			requirement = {
				kind = revision;
				revision = 1e442766a41e2948df25559eb03ab752c6d3aad0;
			};
		};
		511635FC2AA322E100521F71 /* XCRemoteSwiftPackageReference "lottie-ios" */ = {
			isa = XCRemoteSwiftPackageReference;
			repositoryURL = "https://github.com/airbnb/lottie-ios.git";
			requirement = {
				kind = revision;
				revision = d6feea26a370019b4d3a85f5984cb95a2734776f;
			};
		};
		511635FF2AA3235100521F71 /* XCRemoteSwiftPackageReference "STTextView" */ = {
			isa = XCRemoteSwiftPackageReference;
			repositoryURL = "https://github.com/onl1ner/STTextView.git";
			requirement = {
				kind = revision;
				revision = f414d0e74d7862a601549774f58307017c1f5cb4;
			};
		};
		511636022AA3276200521F71 /* XCRemoteSwiftPackageReference "firebase-ios-sdk" */ = {
			isa = XCRemoteSwiftPackageReference;
			repositoryURL = "https://github.com/firebase/firebase-ios-sdk.git";
			requirement = {
				kind = revision;
				revision = 2bfe6abe1014aafe5cf28401708f7d39f9926a76;
			};
		};
		511636112AA32B7300521F71 /* XCRemoteSwiftPackageReference "RxSwift" */ = {
			isa = XCRemoteSwiftPackageReference;
			repositoryURL = "https://github.com/ReactiveX/RxSwift.git";
			requirement = {
				kind = revision;
				revision = 9dcaa4b333db437b0fbfaf453fad29069044a8b4;
			};
		};
		51F363C0280D221B003452F4 /* XCRemoteSwiftPackageReference "realm-swift" */ = {
			isa = XCRemoteSwiftPackageReference;
			repositoryURL = "https://github.com/realm/realm-swift.git";
			requirement = {
				branch = master;
				kind = branch;
			};
		};
/* End XCRemoteSwiftPackageReference section */

/* Begin XCSwiftPackageProductDependency section */
		511635EB2AA321A000521F71 /* SnapKit */ = {
			isa = XCSwiftPackageProductDependency;
			package = 511635EA2AA321A000521F71 /* XCRemoteSwiftPackageReference "SnapKit" */;
			productName = SnapKit;
		};
		511635EE2AA321C300521F71 /* Tabman */ = {
			isa = XCSwiftPackageProductDependency;
			package = 511635ED2AA321C300521F71 /* XCRemoteSwiftPackageReference "Tabman" */;
			productName = Tabman;
		};
		511635F12AA321EA00521F71 /* FMPhotoPicker */ = {
			isa = XCSwiftPackageProductDependency;
			package = 511635F02AA321EA00521F71 /* XCRemoteSwiftPackageReference "FMPhotoPicker" */;
			productName = FMPhotoPicker;
		};
		511635F42AA3221200521F71 /* Kingfisher */ = {
			isa = XCSwiftPackageProductDependency;
			package = 511635F32AA3221200521F71 /* XCRemoteSwiftPackageReference "Kingfisher" */;
			productName = Kingfisher;
		};
		511635F72AA3226900521F71 /* IQKeyboardManagerSwift */ = {
			isa = XCSwiftPackageProductDependency;
			package = 511635F62AA3226900521F71 /* XCRemoteSwiftPackageReference "IQKeyboardManager" */;
			productName = IQKeyboardManagerSwift;
		};
		511635FD2AA322E100521F71 /* Lottie */ = {
			isa = XCSwiftPackageProductDependency;
			package = 511635FC2AA322E100521F71 /* XCRemoteSwiftPackageReference "lottie-ios" */;
			productName = Lottie;
		};
		511636002AA3235100521F71 /* STTextView */ = {
			isa = XCSwiftPackageProductDependency;
			package = 511635FF2AA3235100521F71 /* XCRemoteSwiftPackageReference "STTextView" */;
			productName = STTextView;
		};
		511636032AA3276200521F71 /* FirebaseAnalytics */ = {
			isa = XCSwiftPackageProductDependency;
			package = 511636022AA3276200521F71 /* XCRemoteSwiftPackageReference "firebase-ios-sdk" */;
			productName = FirebaseAnalytics;
		};
		511636052AA3276200521F71 /* FirebaseAuth */ = {
			isa = XCSwiftPackageProductDependency;
			package = 511636022AA3276200521F71 /* XCRemoteSwiftPackageReference "firebase-ios-sdk" */;
			productName = FirebaseAuth;
		};
		511636072AA3276200521F71 /* FirebaseFirestore */ = {
			isa = XCSwiftPackageProductDependency;
			package = 511636022AA3276200521F71 /* XCRemoteSwiftPackageReference "firebase-ios-sdk" */;
			productName = FirebaseFirestore;
		};
		511636092AA3276200521F71 /* FirebaseFirestoreSwift */ = {
			isa = XCSwiftPackageProductDependency;
			package = 511636022AA3276200521F71 /* XCRemoteSwiftPackageReference "firebase-ios-sdk" */;
			productName = FirebaseFirestoreSwift;
		};
		5116360B2AA3276200521F71 /* FirebaseMessaging */ = {
			isa = XCSwiftPackageProductDependency;
			package = 511636022AA3276200521F71 /* XCRemoteSwiftPackageReference "firebase-ios-sdk" */;
			productName = FirebaseMessaging;
		};
		5116360D2AA3276200521F71 /* FirebaseRemoteConfig */ = {
			isa = XCSwiftPackageProductDependency;
			package = 511636022AA3276200521F71 /* XCRemoteSwiftPackageReference "firebase-ios-sdk" */;
			productName = FirebaseRemoteConfig;
		};
		5116360F2AA3276200521F71 /* FirebaseStorage */ = {
			isa = XCSwiftPackageProductDependency;
			package = 511636022AA3276200521F71 /* XCRemoteSwiftPackageReference "firebase-ios-sdk" */;
			productName = FirebaseStorage;
		};
		511636122AA32B7300521F71 /* RxCocoa */ = {
			isa = XCSwiftPackageProductDependency;
			package = 511636112AA32B7300521F71 /* XCRemoteSwiftPackageReference "RxSwift" */;
			productName = RxCocoa;
		};
		511636142AA32B7300521F71 /* RxSwift */ = {
			isa = XCSwiftPackageProductDependency;
			package = 511636112AA32B7300521F71 /* XCRemoteSwiftPackageReference "RxSwift" */;
			productName = RxSwift;
		};
		51F363C1280D221B003452F4 /* Realm */ = {
			isa = XCSwiftPackageProductDependency;
			package = 51F363C0280D221B003452F4 /* XCRemoteSwiftPackageReference "realm-swift" */;
			productName = Realm;
		};
		51F363C3280D221B003452F4 /* RealmSwift */ = {
			isa = XCSwiftPackageProductDependency;
			package = 51F363C0280D221B003452F4 /* XCRemoteSwiftPackageReference "realm-swift" */;
			productName = RealmSwift;
		};
/* End XCSwiftPackageProductDependency section */
	};
	rootObject = 5153FF1827FD7BE00096AE7A /* Project object */;
}
